
Microsoft Visual Studio Solution File, Format Version 12.00
# Visual Studio Version 16
VisualStudioVersion = 16.0.30907.101
MinimumVisualStudioVersion = 10.0.40219.1
Project("{FAE04EC0-301F-11D3-BF4B-00C04F79EFBC}") = "Karteikartensystem", "Karteikartensystem\Karteikartensystem.csproj", "{52363B4D-84A0-449B-B274-599DE0B7EB2B}"
EndProject
Global
	GlobalSection(SolutionConfigurationPlatforms) = preSolution
		Debug|Any CPU = Debug|Any CPU
		Release|Any CPU = Release|Any CPU
	EndGlobalSection
	GlobalSection(ProjectConfigurationPlatforms) = postSolution
		{52363B4D-84A0-449B-B274-599DE0B7EB2B}.Debug|Any CPU.ActiveCfg = Debug|Any CPU
		{52363B4D-84A0-449B-B274-599DE0B7EB2B}.Debug|Any CPU.Build.0 = Debug|Any CPU
		{52363B4D-84A0-449B-B274-599DE0B7EB2B}.Release|Any CPU.ActiveCfg = Release|Any CPU
		{52363B4D-84A0-449B-B274-599DE0B7EB2B}.Release|Any CPU.Build.0 = Release|Any CPU
	EndGlobalSection
	GlobalSection(SolutionProperties) = preSolution
		HideSolutionNode = FALSE
	EndGlobalSection
	GlobalSection(ExtensibilityGlobals) = postSolution
		SolutionGuid = {1FFD6280-D4F0-4C52-9252-C4182C2471BB}
	EndGlobalSection
EndGlobal
